
Microsoft Visual Studio Solution File, Format Version 12.00
# Visual Studio 15
VisualStudioVersion = 15.0.27130.2027
MinimumVisualStudioVersion = 10.0.40219.1
Project("{2150E333-8FDC-42A3-9474-1A3956D46DE8}") = "0 -Presentation", "0 -Presentation", "{28901B21-3290-424B-99F9-C7295E43BBA1}"
EndProject
Project("{2150E333-8FDC-42A3-9474-1A3956D46DE8}") = "1 - Application", "1 - Application", "{23BBBC64-C443-411D-AE32-9A6CBD9E159F}"
EndProject
Project("{2150E333-8FDC-42A3-9474-1A3956D46DE8}") = "2 - Domain", "2 - Domain", "{A4FDA61E-6001-4F7A-BE7B-D5DE6AD80A80}"
EndProject
Project("{2150E333-8FDC-42A3-9474-1A3956D46DE8}") = "3 - Infra", "3 - Infra", "{93321FC2-CA18-4B2B-B8B5-300FA66647D4}"
EndProject
Project("{2150E333-8FDC-42A3-9474-1A3956D46DE8}") = "3.1 - Data", "3.1 - Data", "{705B52C5-9286-482E-A08A-366A8C24E1C1}"
EndProject
Project("{FAE04EC0-301F-11D3-BF4B-00C04F79EFBC}") = "WebNfe.Infra.Data", "WebNfe.Infra.Data\WebNfe.Infra.Data.csproj", "{4F220F37-C8C9-4DF1-842C-C216BA8C8FAD}"
EndProject
Project("{2150E333-8FDC-42A3-9474-1A3956D46DE8}") = "AppConsole", "AppConsole", "{FF32D78C-E2DD-48B4-A517-FB0925C10192}"
EndProject
Project("{FAE04EC0-301F-11D3-BF4B-00C04F79EFBC}") = "WebNfe.AppConsole", "WebNfe.AppConsole\WebNfe.AppConsole.csproj", "{73F4F1F8-23F1-40E7-8876-48C770400F9D}"
EndProject
Project("{FAE04EC0-301F-11D3-BF4B-00C04F79EFBC}") = "WebNfe.Entidades", "WebNfe.Entidades\WebNfe.Entidades.csproj", "{7F1B91AB-4F83-4B4F-9E8E-1F5D302E8C47}"
EndProject
Project("{FAE04EC0-301F-11D3-BF4B-00C04F79EFBC}") = "WebNfe.Negocios", "WebNfe.Negocios\WebNfe.Negocios.csproj", "{0D1F1603-7683-4B07-B644-8B55AB3837E4}"
EndProject
Project("{2150E333-8FDC-42A3-9474-1A3956D46DE8}") = "WebApplication", "WebApplication", "{5F2036DC-C274-423D-A0D7-7F64C9997238}"
EndProject
Project("{FAE04EC0-301F-11D3-BF4B-00C04F79EFBC}") = "WebNfe.Mvc", "WebNfe.Mvc\WebNfe.Mvc.csproj", "{4415FF6C-734B-43A4-A9C0-5D8B8D85F97E}"
EndProject
Global
	GlobalSection(SolutionConfigurationPlatforms) = preSolution
		Debug|Any CPU = Debug|Any CPU
		Release|Any CPU = Release|Any CPU
	EndGlobalSection
	GlobalSection(ProjectConfigurationPlatforms) = postSolution
		{4F220F37-C8C9-4DF1-842C-C216BA8C8FAD}.Debug|Any CPU.ActiveCfg = Debug|Any CPU
		{4F220F37-C8C9-4DF1-842C-C216BA8C8FAD}.Debug|Any CPU.Build.0 = Debug|Any CPU
		{4F220F37-C8C9-4DF1-842C-C216BA8C8FAD}.Release|Any CPU.ActiveCfg = Release|Any CPU
		{4F220F37-C8C9-4DF1-842C-C216BA8C8FAD}.Release|Any CPU.Build.0 = Release|Any CPU
		{73F4F1F8-23F1-40E7-8876-48C770400F9D}.Debug|Any CPU.ActiveCfg = Debug|Any CPU
		{73F4F1F8-23F1-40E7-8876-48C770400F9D}.Debug|Any CPU.Build.0 = Debug|Any CPU
		{73F4F1F8-23F1-40E7-8876-48C770400F9D}.Release|Any CPU.ActiveCfg = Release|Any CPU
		{73F4F1F8-23F1-40E7-8876-48C770400F9D}.Release|Any CPU.Build.0 = Release|Any CPU
		{7F1B91AB-4F83-4B4F-9E8E-1F5D302E8C47}.Debug|Any CPU.ActiveCfg = Debug|Any CPU
		{7F1B91AB-4F83-4B4F-9E8E-1F5D302E8C47}.Debug|Any CPU.Build.0 = Debug|Any CPU
		{7F1B91AB-4F83-4B4F-9E8E-1F5D302E8C47}.Release|Any CPU.ActiveCfg = Release|Any CPU
		{7F1B91AB-4F83-4B4F-9E8E-1F5D302E8C47}.Release|Any CPU.Build.0 = Release|Any CPU
		{0D1F1603-7683-4B07-B644-8B55AB3837E4}.Debug|Any CPU.ActiveCfg = Debug|Any CPU
		{0D1F1603-7683-4B07-B644-8B55AB3837E4}.Debug|Any CPU.Build.0 = Debug|Any CPU
		{0D1F1603-7683-4B07-B644-8B55AB3837E4}.Release|Any CPU.ActiveCfg = Release|Any CPU
		{0D1F1603-7683-4B07-B644-8B55AB3837E4}.Release|Any CPU.Build.0 = Release|Any CPU
		{4415FF6C-734B-43A4-A9C0-5D8B8D85F97E}.Debug|Any CPU.ActiveCfg = Debug|Any CPU
		{4415FF6C-734B-43A4-A9C0-5D8B8D85F97E}.Debug|Any CPU.Build.0 = Debug|Any CPU
		{4415FF6C-734B-43A4-A9C0-5D8B8D85F97E}.Release|Any CPU.ActiveCfg = Release|Any CPU
		{4415FF6C-734B-43A4-A9C0-5D8B8D85F97E}.Release|Any CPU.Build.0 = Release|Any CPU
	EndGlobalSection
	GlobalSection(SolutionProperties) = preSolution
		HideSolutionNode = FALSE
	EndGlobalSection
	GlobalSection(NestedProjects) = preSolution
		{705B52C5-9286-482E-A08A-366A8C24E1C1} = {93321FC2-CA18-4B2B-B8B5-300FA66647D4}
		{4F220F37-C8C9-4DF1-842C-C216BA8C8FAD} = {705B52C5-9286-482E-A08A-366A8C24E1C1}
		{FF32D78C-E2DD-48B4-A517-FB0925C10192} = {28901B21-3290-424B-99F9-C7295E43BBA1}
		{73F4F1F8-23F1-40E7-8876-48C770400F9D} = {FF32D78C-E2DD-48B4-A517-FB0925C10192}
		{7F1B91AB-4F83-4B4F-9E8E-1F5D302E8C47} = {A4FDA61E-6001-4F7A-BE7B-D5DE6AD80A80}
		{0D1F1603-7683-4B07-B644-8B55AB3837E4} = {A4FDA61E-6001-4F7A-BE7B-D5DE6AD80A80}
		{5F2036DC-C274-423D-A0D7-7F64C9997238} = {28901B21-3290-424B-99F9-C7295E43BBA1}
		{4415FF6C-734B-43A4-A9C0-5D8B8D85F97E} = {5F2036DC-C274-423D-A0D7-7F64C9997238}
	EndGlobalSection
	GlobalSection(ExtensibilityGlobals) = postSolution
		SolutionGuid = {23007A61-2749-48CF-93B4-EDA5BF1D5A95}
	EndGlobalSection
EndGlobal
